
Microsoft Visual Studio Solution File, Format Version 12.00
# Visual Studio Version 16
VisualStudioVersion = 16.0.31025.194
MinimumVisualStudioVersion = 10.0.40219.1
Project("{FAE04EC0-301F-11D3-BF4B-00C04F79EFBC}") = "Homework9", "Homework9\Homework9.csproj", "{AC11EE91-71C3-44FC-90BD-155944404521}"
EndProject
Global
	GlobalSection(SolutionConfigurationPlatforms) = preSolution
		Debug|Any CPU = Debug|Any CPU
		Release|Any CPU = Release|Any CPU
	EndGlobalSection
	GlobalSection(ProjectConfigurationPlatforms) = postSolution
		{AC11EE91-71C3-44FC-90BD-155944404521}.Debug|Any CPU.ActiveCfg = Debug|Any CPU
		{AC11EE91-71C3-44FC-90BD-155944404521}.Debug|Any CPU.Build.0 = Debug|Any CPU
		{AC11EE91-71C3-44FC-90BD-155944404521}.Release|Any CPU.ActiveCfg = Release|Any CPU
		{AC11EE91-71C3-44FC-90BD-155944404521}.Release|Any CPU.Build.0 = Release|Any CPU
	EndGlobalSection
	GlobalSection(SolutionProperties) = preSolution
		HideSolutionNode = FALSE
	EndGlobalSection
	GlobalSection(ExtensibilityGlobals) = postSolution
		SolutionGuid = {25EC17B9-BC13-4752-B423-E9F5BC7EAFC4}
	EndGlobalSection
EndGlobal
