
Microsoft Visual Studio Solution File, Format Version 12.00
# Visual Studio Version 16
VisualStudioVersion = 16.0.31025.194
MinimumVisualStudioVersion = 10.0.40219.1
Project("{FAE04EC0-301F-11D3-BF4B-00C04F79EFBC}") = "Homework10", "Homework10\Homework10.csproj", "{104AA944-B4B9-4C98-9CBB-7016585530CA}"
EndProject
Project("{FAE04EC0-301F-11D3-BF4B-00C04F79EFBC}") = "Homework9", "..\Homework9\Homework9\Homework9.csproj", "{AC11EE91-71C3-44FC-90BD-155944404521}"
EndProject
Global
	GlobalSection(SolutionConfigurationPlatforms) = preSolution
		Debug|Any CPU = Debug|Any CPU
		Release|Any CPU = Release|Any CPU
	EndGlobalSection
	GlobalSection(ProjectConfigurationPlatforms) = postSolution
		{104AA944-B4B9-4C98-9CBB-7016585530CA}.Debug|Any CPU.ActiveCfg = Debug|Any CPU
		{104AA944-B4B9-4C98-9CBB-7016585530CA}.Debug|Any CPU.Build.0 = Debug|Any CPU
		{104AA944-B4B9-4C98-9CBB-7016585530CA}.Release|Any CPU.ActiveCfg = Release|Any CPU
		{104AA944-B4B9-4C98-9CBB-7016585530CA}.Release|Any CPU.Build.0 = Release|Any CPU
		{AC11EE91-71C3-44FC-90BD-155944404521}.Debug|Any CPU.ActiveCfg = Debug|Any CPU
		{AC11EE91-71C3-44FC-90BD-155944404521}.Debug|Any CPU.Build.0 = Debug|Any CPU
		{AC11EE91-71C3-44FC-90BD-155944404521}.Release|Any CPU.ActiveCfg = Release|Any CPU
		{AC11EE91-71C3-44FC-90BD-155944404521}.Release|Any CPU.Build.0 = Release|Any CPU
	EndGlobalSection
	GlobalSection(SolutionProperties) = preSolution
		HideSolutionNode = FALSE
	EndGlobalSection
	GlobalSection(ExtensibilityGlobals) = postSolution
		SolutionGuid = {EE57CD36-D263-460E-91F3-35DBEAEBA0E0}
	EndGlobalSection
EndGlobal
