
Microsoft Visual Studio Solution File, Format Version 12.00
# Visual Studio Version 16
VisualStudioVersion = 16.0.31025.194
MinimumVisualStudioVersion = 10.0.40219.1
Project("{FAE04EC0-301F-11D3-BF4B-00C04F79EFBC}") = "Homework6", "Homework6\Homework6.csproj", "{8A5856D1-6A89-4B91-BC45-5EC1A22AFE81}"
EndProject
Project("{FAE04EC0-301F-11D3-BF4B-00C04F79EFBC}") = "Homework6Tests", "Homework6Tests\Homework6Tests.csproj", "{BC86F8CB-C6C4-4C49-84C9-B7A7F289489D}"
EndProject
Global
	GlobalSection(SolutionConfigurationPlatforms) = preSolution
		Debug|Any CPU = Debug|Any CPU
		Release|Any CPU = Release|Any CPU
	EndGlobalSection
	GlobalSection(ProjectConfigurationPlatforms) = postSolution
		{8A5856D1-6A89-4B91-BC45-5EC1A22AFE81}.Debug|Any CPU.ActiveCfg = Debug|Any CPU
		{8A5856D1-6A89-4B91-BC45-5EC1A22AFE81}.Debug|Any CPU.Build.0 = Debug|Any CPU
		{8A5856D1-6A89-4B91-BC45-5EC1A22AFE81}.Release|Any CPU.ActiveCfg = Release|Any CPU
		{8A5856D1-6A89-4B91-BC45-5EC1A22AFE81}.Release|Any CPU.Build.0 = Release|Any CPU
		{BC86F8CB-C6C4-4C49-84C9-B7A7F289489D}.Debug|Any CPU.ActiveCfg = Debug|Any CPU
		{BC86F8CB-C6C4-4C49-84C9-B7A7F289489D}.Debug|Any CPU.Build.0 = Debug|Any CPU
		{BC86F8CB-C6C4-4C49-84C9-B7A7F289489D}.Release|Any CPU.ActiveCfg = Release|Any CPU
		{BC86F8CB-C6C4-4C49-84C9-B7A7F289489D}.Release|Any CPU.Build.0 = Release|Any CPU
	EndGlobalSection
	GlobalSection(SolutionProperties) = preSolution
		HideSolutionNode = FALSE
	EndGlobalSection
	GlobalSection(ExtensibilityGlobals) = postSolution
		SolutionGuid = {CDF9E13E-A2AC-4106-A81F-8330111FB970}
	EndGlobalSection
EndGlobal
